# This file is automatically @generated by Cargo.
# It is not intended for manual editing.
version = 3

[[package]]
name = "libc"
version = "0.2.138"
source = "registry+https://github.com/rust-lang/crates.io-index"
checksum = "db6d7e329c562c5dfab7a46a2afabc8b987ab9a4834c9d1ca04dc54c1546cef8"

[[package]]
name = "libmars"
version = "0.1.0"
dependencies = [
 "x11",
]

[[package]]
name = "marswm"
version = "0.1.0"
dependencies = [
 "libmars",
 "x11",
]

[[package]]
name = "pkg-config"
version = "0.3.26"
source = "registry+https://github.com/rust-lang/crates.io-index"
checksum = "6ac9a59f73473f1b8d852421e59e64809f025994837ef743615c6d0c5b305160"

[[package]]
name = "x11"
version = "2.20.1"
source = "registry+https://github.com/rust-lang/crates.io-index"
checksum = "c2638d5b9c17ac40575fb54bb461a4b1d2a8d1b4ffcc4ff237d254ec59ddeb82"
dependencies = [
 "libc",
 "pkg-config",
]
