{
  "nodes": {
    "cf": {
      "locked": {
        "lastModified": 1728984648,
        "narHash": "sha256-n256NeWnoU/v6THmiuKGWiIz2kCa73JWnZx27Plv61c=",
        "owner": "jzbor",
        "repo": "cornflakes",
        "rev": "97f33cd8993c33a1a67b92070ce4d4e5482ecb34",
        "type": "github"
      },
      "original": {
        "owner": "jzbor",
        "repo": "cornflakes",
        "type": "github"
      }
    },
    "crane": {
      "locked": {
        "lastModified": 1734541973,
        "narHash": "sha256-1wIgLmhvtfxbJVnhFHUYhPqL3gpLn5JhiS4maaD9RRk=",
        "owner": "ipetkov",
        "repo": "crane",
        "rev": "fdd502f921936105869eba53db6593fc2a424c16",
        "type": "github"
      },
      "original": {
        "owner": "ipetkov",
        "repo": "crane",
        "type": "github"
      }
    },
    "nixpkgs": {
      "locked": {
        "lastModified": 1734424634,
        "narHash": "sha256-cHar1vqHOOyC7f1+tVycPoWTfKIaqkoe1Q6TnKzuti4=",
        "owner": "nixos",
        "repo": "nixpkgs",
        "rev": "d3c42f187194c26d9f0309a8ecc469d6c878ce33",
        "type": "github"
      },
      "original": {
        "owner": "nixos",
        "ref": "nixos-unstable",
        "repo": "nixpkgs",
        "type": "github"
      }
    },
    "root": {
      "inputs": {
        "cf": "cf",
        "crane": "crane",
        "nixpkgs": "nixpkgs"
      }
    }
  },
  "root": "root",
  "version": 7
}
